
Microsoft Visual Studio Solution File, Format Version 12.00
# Visual Studio Version 16
VisualStudioVersion = 16.0.29519.181
MinimumVisualStudioVersion = 10.0.40219.1
Project("{9A19103F-16F7-4668-BE54-9A1E7A4F7556}") = "LiveOptics.CloudPricing", "LiveOptics.CloudPricing\LiveOptics.CloudPricing.csproj", "{EF843677-7EB7-44DA-AB38-248148866DB2}"
EndProject
Project("{9A19103F-16F7-4668-BE54-9A1E7A4F7556}") = "LiveOptics.CloudPricing.Entities", "LiveOptics.CloudPricing.Entities\LiveOptics.CloudPricing.Entities.csproj", "{6C14AB5F-BC6C-44D3-8936-49F999383ED6}"
EndProject
Project("{FAE04EC0-301F-11D3-BF4B-00C04F79EFBC}") = "LiveOptics.CloudPricing.Service", "LiveOptics.CloudPricing.Service\LiveOptics.CloudPricing.Service.csproj", "{0128778B-B95C-406A-AACE-F11171DC2777}"
EndProject
Global
	GlobalSection(SolutionConfigurationPlatforms) = preSolution
		Debug|Any CPU = Debug|Any CPU
		Release|Any CPU = Release|Any CPU
	EndGlobalSection
	GlobalSection(ProjectConfigurationPlatforms) = postSolution
		{EF843677-7EB7-44DA-AB38-248148866DB2}.Debug|Any CPU.ActiveCfg = Debug|Any CPU
		{EF843677-7EB7-44DA-AB38-248148866DB2}.Debug|Any CPU.Build.0 = Debug|Any CPU
		{EF843677-7EB7-44DA-AB38-248148866DB2}.Release|Any CPU.ActiveCfg = Release|Any CPU
		{EF843677-7EB7-44DA-AB38-248148866DB2}.Release|Any CPU.Build.0 = Release|Any CPU
		{6C14AB5F-BC6C-44D3-8936-49F999383ED6}.Debug|Any CPU.ActiveCfg = Debug|Any CPU
		{6C14AB5F-BC6C-44D3-8936-49F999383ED6}.Debug|Any CPU.Build.0 = Debug|Any CPU
		{6C14AB5F-BC6C-44D3-8936-49F999383ED6}.Release|Any CPU.ActiveCfg = Release|Any CPU
		{6C14AB5F-BC6C-44D3-8936-49F999383ED6}.Release|Any CPU.Build.0 = Release|Any CPU
		{0128778B-B95C-406A-AACE-F11171DC2777}.Debug|Any CPU.ActiveCfg = Debug|Any CPU
		{0128778B-B95C-406A-AACE-F11171DC2777}.Debug|Any CPU.Build.0 = Debug|Any CPU
		{0128778B-B95C-406A-AACE-F11171DC2777}.Release|Any CPU.ActiveCfg = Release|Any CPU
		{0128778B-B95C-406A-AACE-F11171DC2777}.Release|Any CPU.Build.0 = Release|Any CPU
	EndGlobalSection
	GlobalSection(SolutionProperties) = preSolution
		HideSolutionNode = FALSE
	EndGlobalSection
	GlobalSection(ExtensibilityGlobals) = postSolution
		SolutionGuid = {D1F946AE-7243-42DB-A866-B0D7B20C7712}
	EndGlobalSection
EndGlobal
